
Microsoft Visual Studio Solution File, Format Version 12.00
# Visual Studio Version 17
VisualStudioVersion = 17.13.35931.197 d17.13
MinimumVisualStudioVersion = 10.0.40219.1
Project("{FAE04EC0-301F-11D3-BF4B-00C04F79EFBC}") = "03-06-2025_Exercise_WebAPI", "03-06-2025_Exercise_WebAPI\03-06-2025_Exercise_WebAPI.csproj", "{C544BB93-2CD1-4B98-A4F3-944CCC41BFB9}"
EndProject
Global
	GlobalSection(SolutionConfigurationPlatforms) = preSolution
		Debug|Any CPU = Debug|Any CPU
		Release|Any CPU = Release|Any CPU
	EndGlobalSection
	GlobalSection(ProjectConfigurationPlatforms) = postSolution
		{C544BB93-2CD1-4B98-A4F3-944CCC41BFB9}.Debug|Any CPU.ActiveCfg = Debug|Any CPU
		{C544BB93-2CD1-4B98-A4F3-944CCC41BFB9}.Debug|Any CPU.Build.0 = Debug|Any CPU
		{C544BB93-2CD1-4B98-A4F3-944CCC41BFB9}.Release|Any CPU.ActiveCfg = Release|Any CPU
		{C544BB93-2CD1-4B98-A4F3-944CCC41BFB9}.Release|Any CPU.Build.0 = Release|Any CPU
	EndGlobalSection
	GlobalSection(SolutionProperties) = preSolution
		HideSolutionNode = FALSE
	EndGlobalSection
	GlobalSection(ExtensibilityGlobals) = postSolution
		SolutionGuid = {38F50273-DFA6-46AD-95B1-79246D55171E}
	EndGlobalSection
EndGlobal
